
Microsoft Visual Studio Solution File, Format Version 12.00
# Visual Studio Version 17
VisualStudioVersion = 17.2.32526.322
MinimumVisualStudioVersion = 10.0.40219.1
Project("{9A19103F-16F7-4668-BE54-9A1E7A4F7556}") = "SalonManager.Server", "SalonManager\Server\SalonManager.Server.csproj", "{5C1683A0-15A4-428C-BB63-925671C24355}"
EndProject
Project("{9A19103F-16F7-4668-BE54-9A1E7A4F7556}") = "SalonManager.Client", "SalonManager\Client\SalonManager.Client.csproj", "{F62EBFEC-DE03-4733-ABF6-C017C28573C6}"
EndProject
Project("{9A19103F-16F7-4668-BE54-9A1E7A4F7556}") = "SalonManager.Shared", "SalonManager\Shared\SalonManager.Shared.csproj", "{1F6C8030-2C9A-4D99-9B06-2E01171297FB}"
EndProject
Global
	GlobalSection(SolutionConfigurationPlatforms) = preSolution
		Debug|Any CPU = Debug|Any CPU
		Release|Any CPU = Release|Any CPU
	EndGlobalSection
	GlobalSection(ProjectConfigurationPlatforms) = postSolution
		{5C1683A0-15A4-428C-BB63-925671C24355}.Debug|Any CPU.ActiveCfg = Debug|Any CPU
		{5C1683A0-15A4-428C-BB63-925671C24355}.Debug|Any CPU.Build.0 = Debug|Any CPU
		{5C1683A0-15A4-428C-BB63-925671C24355}.Release|Any CPU.ActiveCfg = Release|Any CPU
		{5C1683A0-15A4-428C-BB63-925671C24355}.Release|Any CPU.Build.0 = Release|Any CPU
		{F62EBFEC-DE03-4733-ABF6-C017C28573C6}.Debug|Any CPU.ActiveCfg = Debug|Any CPU
		{F62EBFEC-DE03-4733-ABF6-C017C28573C6}.Debug|Any CPU.Build.0 = Debug|Any CPU
		{F62EBFEC-DE03-4733-ABF6-C017C28573C6}.Release|Any CPU.ActiveCfg = Release|Any CPU
		{F62EBFEC-DE03-4733-ABF6-C017C28573C6}.Release|Any CPU.Build.0 = Release|Any CPU
		{1F6C8030-2C9A-4D99-9B06-2E01171297FB}.Debug|Any CPU.ActiveCfg = Debug|Any CPU
		{1F6C8030-2C9A-4D99-9B06-2E01171297FB}.Debug|Any CPU.Build.0 = Debug|Any CPU
		{1F6C8030-2C9A-4D99-9B06-2E01171297FB}.Release|Any CPU.ActiveCfg = Release|Any CPU
		{1F6C8030-2C9A-4D99-9B06-2E01171297FB}.Release|Any CPU.Build.0 = Release|Any CPU
	EndGlobalSection
	GlobalSection(SolutionProperties) = preSolution
		HideSolutionNode = FALSE
	EndGlobalSection
	GlobalSection(ExtensibilityGlobals) = postSolution
		SolutionGuid = {583940A6-EEC0-4C8E-A592-35E51D2F1DAA}
	EndGlobalSection
EndGlobal
